
Microsoft Visual Studio Solution File, Format Version 12.00
# Visual Studio Version 17
VisualStudioVersion = 17.0.31903.59
MinimumVisualStudioVersion = 10.0.40219.1
Project("{FAE04EC0-301F-11D3-BF4B-00C04F79EFBC}") = "lesson41", "lesson41\lesson41.csproj", "{DEA547D6-7A98-4307-AC97-6C0C8AA2F34B}"
EndProject
Project("{FAE04EC0-301F-11D3-BF4B-00C04F79EFBC}") = "lesson42", "lesson42\lesson42.csproj", "{1D334C51-AA5C-4369-8C10-B8CBA16A88FA}"
EndProject
Project("{FAE04EC0-301F-11D3-BF4B-00C04F79EFBC}") = "lesson43", "lesson43\lesson43.csproj", "{DAC0BA75-9C85-40B1-BBE1-B91F2265D989}"
EndProject
Project("{FAE04EC0-301F-11D3-BF4B-00C04F79EFBC}") = "lesson44", "lesson44\lesson44.csproj", "{44DC39F1-4B21-44E9-B012-532411482791}"
EndProject
Project("{FAE04EC0-301F-11D3-BF4B-00C04F79EFBC}") = "lesson40", "lesson40\lesson40.csproj", "{2F37488B-EF60-4E82-A8F4-0443DE629729}"
EndProject
Global
	GlobalSection(SolutionConfigurationPlatforms) = preSolution
		Debug|Any CPU = Debug|Any CPU
		Release|Any CPU = Release|Any CPU
	EndGlobalSection
	GlobalSection(SolutionProperties) = preSolution
		HideSolutionNode = FALSE
	EndGlobalSection
	GlobalSection(ProjectConfigurationPlatforms) = postSolution
		{DEA547D6-7A98-4307-AC97-6C0C8AA2F34B}.Debug|Any CPU.ActiveCfg = Debug|Any CPU
		{DEA547D6-7A98-4307-AC97-6C0C8AA2F34B}.Debug|Any CPU.Build.0 = Debug|Any CPU
		{DEA547D6-7A98-4307-AC97-6C0C8AA2F34B}.Release|Any CPU.ActiveCfg = Release|Any CPU
		{DEA547D6-7A98-4307-AC97-6C0C8AA2F34B}.Release|Any CPU.Build.0 = Release|Any CPU
		{1D334C51-AA5C-4369-8C10-B8CBA16A88FA}.Debug|Any CPU.ActiveCfg = Debug|Any CPU
		{1D334C51-AA5C-4369-8C10-B8CBA16A88FA}.Debug|Any CPU.Build.0 = Debug|Any CPU
		{1D334C51-AA5C-4369-8C10-B8CBA16A88FA}.Release|Any CPU.ActiveCfg = Release|Any CPU
		{1D334C51-AA5C-4369-8C10-B8CBA16A88FA}.Release|Any CPU.Build.0 = Release|Any CPU
		{DAC0BA75-9C85-40B1-BBE1-B91F2265D989}.Debug|Any CPU.ActiveCfg = Debug|Any CPU
		{DAC0BA75-9C85-40B1-BBE1-B91F2265D989}.Debug|Any CPU.Build.0 = Debug|Any CPU
		{DAC0BA75-9C85-40B1-BBE1-B91F2265D989}.Release|Any CPU.ActiveCfg = Release|Any CPU
		{DAC0BA75-9C85-40B1-BBE1-B91F2265D989}.Release|Any CPU.Build.0 = Release|Any CPU
		{44DC39F1-4B21-44E9-B012-532411482791}.Debug|Any CPU.ActiveCfg = Debug|Any CPU
		{44DC39F1-4B21-44E9-B012-532411482791}.Debug|Any CPU.Build.0 = Debug|Any CPU
		{44DC39F1-4B21-44E9-B012-532411482791}.Release|Any CPU.ActiveCfg = Release|Any CPU
		{44DC39F1-4B21-44E9-B012-532411482791}.Release|Any CPU.Build.0 = Release|Any CPU
		{2F37488B-EF60-4E82-A8F4-0443DE629729}.Debug|Any CPU.ActiveCfg = Debug|Any CPU
		{2F37488B-EF60-4E82-A8F4-0443DE629729}.Debug|Any CPU.Build.0 = Debug|Any CPU
		{2F37488B-EF60-4E82-A8F4-0443DE629729}.Release|Any CPU.ActiveCfg = Release|Any CPU
		{2F37488B-EF60-4E82-A8F4-0443DE629729}.Release|Any CPU.Build.0 = Release|Any CPU
	EndGlobalSection
EndGlobal
